
Microsoft Visual Studio Solution File, Format Version 12.00
# Visual Studio Version 17
VisualStudioVersion = 17.8.34330.188
MinimumVisualStudioVersion = 10.0.40219.1
Project("{8BC9CEB8-8B4A-11D0-8D11-00A0C91BC942}") = "computer-graphics-2d-and-3d-primitives", "computer-graphics-2d-and-3d-primitives.vcxproj", "{44469B39-B81F-4EBF-BFFC-C7EF9EB57264}"
EndProject
Global
	GlobalSection(SolutionConfigurationPlatforms) = preSolution
		Debug|x64 = Debug|x64
		Debug|x86 = Debug|x86
		Release|x64 = Release|x64
		Release|x86 = Release|x86
	EndGlobalSection
	GlobalSection(ProjectConfigurationPlatforms) = postSolution
		{44469B39-B81F-4EBF-BFFC-C7EF9EB57264}.Debug|x64.ActiveCfg = Debug|x64
		{44469B39-B81F-4EBF-BFFC-C7EF9EB57264}.Debug|x64.Build.0 = Debug|x64
		{44469B39-B81F-4EBF-BFFC-C7EF9EB57264}.Debug|x86.ActiveCfg = Debug|Win32
		{44469B39-B81F-4EBF-BFFC-C7EF9EB57264}.Debug|x86.Build.0 = Debug|Win32
		{44469B39-B81F-4EBF-BFFC-C7EF9EB57264}.Release|x64.ActiveCfg = Release|x64
		{44469B39-B81F-4EBF-BFFC-C7EF9EB57264}.Release|x64.Build.0 = Release|x64
		{44469B39-B81F-4EBF-BFFC-C7EF9EB57264}.Release|x86.ActiveCfg = Release|Win32
		{44469B39-B81F-4EBF-BFFC-C7EF9EB57264}.Release|x86.Build.0 = Release|Win32
	EndGlobalSection
	GlobalSection(SolutionProperties) = preSolution
		HideSolutionNode = FALSE
	EndGlobalSection
	GlobalSection(ExtensibilityGlobals) = postSolution
		SolutionGuid = {BC9EDBCB-B690-4781-8CD7-AE1C29D75782}
	EndGlobalSection
EndGlobal
